
Microsoft Visual Studio Solution File, Format Version 11.00
# Visual Studio 2010
Project("{2150E333-8FDC-42A3-9474-1A3956D46DE8}") = "Tests", "Tests", "{11053249-6206-4AFE-B838-3BB949B2BBB5}"
EndProject
Project("{FAE04EC0-301F-11D3-BF4B-00C04F79EFBC}") = "Setty.Settings.Test", "Setty.Settings.Test\Setty.Settings.Test.csproj", "{707CAD17-7134-4C17-B18B-D7F66F7F3725}"
EndProject
Project("{FAE04EC0-301F-11D3-BF4B-00C04F79EFBC}") = "Setty.Settings", "Setty.Settings\Setty.Settings.csproj", "{8548D23B-0168-4020-9A86-A7499DC1ED80}"
EndProject
Project("{FAE04EC0-301F-11D3-BF4B-00C04F79EFBC}") = "Setty", "Setty\Setty.csproj", "{453CABF8-F0EE-4FDF-8DCC-C5AA80892E63}"
EndProject
Project("{FAE04EC0-301F-11D3-BF4B-00C04F79EFBC}") = "Setty.Host", "Setty.Host\Setty.Host.csproj", "{7DBEB078-828E-45F3-99ED-B0120D05A85F}"
EndProject
Project("{FAE04EC0-301F-11D3-BF4B-00C04F79EFBC}") = "Setty.Test", "Setty.Test\Setty.Test.csproj", "{5B813D81-B093-4B37-A57C-B3E977B21333}"
EndProject
Project("{FAE04EC0-301F-11D3-BF4B-00C04F79EFBC}") = "Setty.Test.Project", "Setty.Test.Project\Setty.Test.Project.csproj", "{E6304B18-80D8-4A83-B4FB-A2AE45A1D2CF}"
EndProject
Global
	GlobalSection(SolutionConfigurationPlatforms) = preSolution
		Debug|Any CPU = Debug|Any CPU
		Debug|Mixed Platforms = Debug|Mixed Platforms
		Debug|x86 = Debug|x86
		Publish|Any CPU = Publish|Any CPU
		Publish|Mixed Platforms = Publish|Mixed Platforms
		Publish|x86 = Publish|x86
		Release|Any CPU = Release|Any CPU
		Release|Mixed Platforms = Release|Mixed Platforms
		Release|x86 = Release|x86
	EndGlobalSection
	GlobalSection(ProjectConfigurationPlatforms) = postSolution
		{707CAD17-7134-4C17-B18B-D7F66F7F3725}.Debug|Any CPU.ActiveCfg = Debug|Any CPU
		{707CAD17-7134-4C17-B18B-D7F66F7F3725}.Debug|Any CPU.Build.0 = Debug|Any CPU
		{707CAD17-7134-4C17-B18B-D7F66F7F3725}.Debug|Mixed Platforms.ActiveCfg = Debug|Any CPU
		{707CAD17-7134-4C17-B18B-D7F66F7F3725}.Debug|Mixed Platforms.Build.0 = Debug|Any CPU
		{707CAD17-7134-4C17-B18B-D7F66F7F3725}.Debug|x86.ActiveCfg = Debug|Any CPU
		{707CAD17-7134-4C17-B18B-D7F66F7F3725}.Publish|Any CPU.ActiveCfg = Publish|Any CPU
		{707CAD17-7134-4C17-B18B-D7F66F7F3725}.Publish|Any CPU.Build.0 = Publish|Any CPU
		{707CAD17-7134-4C17-B18B-D7F66F7F3725}.Publish|Mixed Platforms.ActiveCfg = Publish|Any CPU
		{707CAD17-7134-4C17-B18B-D7F66F7F3725}.Publish|Mixed Platforms.Build.0 = Publish|Any CPU
		{707CAD17-7134-4C17-B18B-D7F66F7F3725}.Publish|x86.ActiveCfg = Publish|Any CPU
		{707CAD17-7134-4C17-B18B-D7F66F7F3725}.Release|Any CPU.ActiveCfg = Release|Any CPU
		{707CAD17-7134-4C17-B18B-D7F66F7F3725}.Release|Any CPU.Build.0 = Release|Any CPU
		{707CAD17-7134-4C17-B18B-D7F66F7F3725}.Release|Mixed Platforms.ActiveCfg = Release|Any CPU
		{707CAD17-7134-4C17-B18B-D7F66F7F3725}.Release|Mixed Platforms.Build.0 = Release|Any CPU
		{707CAD17-7134-4C17-B18B-D7F66F7F3725}.Release|x86.ActiveCfg = Release|Any CPU
		{8548D23B-0168-4020-9A86-A7499DC1ED80}.Debug|Any CPU.ActiveCfg = Debug|Any CPU
		{8548D23B-0168-4020-9A86-A7499DC1ED80}.Debug|Any CPU.Build.0 = Debug|Any CPU
		{8548D23B-0168-4020-9A86-A7499DC1ED80}.Debug|Mixed Platforms.ActiveCfg = Debug|Any CPU
		{8548D23B-0168-4020-9A86-A7499DC1ED80}.Debug|Mixed Platforms.Build.0 = Debug|Any CPU
		{8548D23B-0168-4020-9A86-A7499DC1ED80}.Debug|x86.ActiveCfg = Debug|Any CPU
		{8548D23B-0168-4020-9A86-A7499DC1ED80}.Publish|Any CPU.ActiveCfg = Publish|Any CPU
		{8548D23B-0168-4020-9A86-A7499DC1ED80}.Publish|Any CPU.Build.0 = Publish|Any CPU
		{8548D23B-0168-4020-9A86-A7499DC1ED80}.Publish|Mixed Platforms.ActiveCfg = Publish|Any CPU
		{8548D23B-0168-4020-9A86-A7499DC1ED80}.Publish|Mixed Platforms.Build.0 = Publish|Any CPU
		{8548D23B-0168-4020-9A86-A7499DC1ED80}.Publish|x86.ActiveCfg = Publish|Any CPU
		{8548D23B-0168-4020-9A86-A7499DC1ED80}.Release|Any CPU.ActiveCfg = Release|Any CPU
		{8548D23B-0168-4020-9A86-A7499DC1ED80}.Release|Any CPU.Build.0 = Release|Any CPU
		{8548D23B-0168-4020-9A86-A7499DC1ED80}.Release|Mixed Platforms.ActiveCfg = Release|Any CPU
		{8548D23B-0168-4020-9A86-A7499DC1ED80}.Release|Mixed Platforms.Build.0 = Release|Any CPU
		{8548D23B-0168-4020-9A86-A7499DC1ED80}.Release|x86.ActiveCfg = Release|Any CPU
		{453CABF8-F0EE-4FDF-8DCC-C5AA80892E63}.Debug|Any CPU.ActiveCfg = Debug|Any CPU
		{453CABF8-F0EE-4FDF-8DCC-C5AA80892E63}.Debug|Any CPU.Build.0 = Debug|Any CPU
		{453CABF8-F0EE-4FDF-8DCC-C5AA80892E63}.Debug|Mixed Platforms.ActiveCfg = Debug|Any CPU
		{453CABF8-F0EE-4FDF-8DCC-C5AA80892E63}.Debug|Mixed Platforms.Build.0 = Debug|Any CPU
		{453CABF8-F0EE-4FDF-8DCC-C5AA80892E63}.Debug|x86.ActiveCfg = Debug|Any CPU
		{453CABF8-F0EE-4FDF-8DCC-C5AA80892E63}.Publish|Any CPU.ActiveCfg = Publish|Any CPU
		{453CABF8-F0EE-4FDF-8DCC-C5AA80892E63}.Publish|Any CPU.Build.0 = Publish|Any CPU
		{453CABF8-F0EE-4FDF-8DCC-C5AA80892E63}.Publish|Mixed Platforms.ActiveCfg = Publish|Any CPU
		{453CABF8-F0EE-4FDF-8DCC-C5AA80892E63}.Publish|Mixed Platforms.Build.0 = Publish|Any CPU
		{453CABF8-F0EE-4FDF-8DCC-C5AA80892E63}.Publish|x86.ActiveCfg = Publish|Any CPU
		{453CABF8-F0EE-4FDF-8DCC-C5AA80892E63}.Release|Any CPU.ActiveCfg = Release|Any CPU
		{453CABF8-F0EE-4FDF-8DCC-C5AA80892E63}.Release|Any CPU.Build.0 = Release|Any CPU
		{453CABF8-F0EE-4FDF-8DCC-C5AA80892E63}.Release|Mixed Platforms.ActiveCfg = Release|Any CPU
		{453CABF8-F0EE-4FDF-8DCC-C5AA80892E63}.Release|Mixed Platforms.Build.0 = Release|Any CPU
		{453CABF8-F0EE-4FDF-8DCC-C5AA80892E63}.Release|x86.ActiveCfg = Release|Any CPU
		{7DBEB078-828E-45F3-99ED-B0120D05A85F}.Debug|Any CPU.ActiveCfg = Debug|Any CPU
		{7DBEB078-828E-45F3-99ED-B0120D05A85F}.Debug|Any CPU.Build.0 = Debug|Any CPU
		{7DBEB078-828E-45F3-99ED-B0120D05A85F}.Debug|Mixed Platforms.ActiveCfg = Debug|Any CPU
		{7DBEB078-828E-45F3-99ED-B0120D05A85F}.Debug|Mixed Platforms.Build.0 = Debug|Any CPU
		{7DBEB078-828E-45F3-99ED-B0120D05A85F}.Debug|x86.ActiveCfg = Debug|x86
		{7DBEB078-828E-45F3-99ED-B0120D05A85F}.Debug|x86.Build.0 = Debug|x86
		{7DBEB078-828E-45F3-99ED-B0120D05A85F}.Publish|Any CPU.ActiveCfg = Publish|Any CPU
		{7DBEB078-828E-45F3-99ED-B0120D05A85F}.Publish|Any CPU.Build.0 = Publish|Any CPU
		{7DBEB078-828E-45F3-99ED-B0120D05A85F}.Publish|Mixed Platforms.ActiveCfg = Publish|Any CPU
		{7DBEB078-828E-45F3-99ED-B0120D05A85F}.Publish|Mixed Platforms.Build.0 = Publish|Any CPU
		{7DBEB078-828E-45F3-99ED-B0120D05A85F}.Publish|x86.ActiveCfg = Publish|x86
		{7DBEB078-828E-45F3-99ED-B0120D05A85F}.Publish|x86.Build.0 = Publish|x86
		{7DBEB078-828E-45F3-99ED-B0120D05A85F}.Release|Any CPU.ActiveCfg = Release|Any CPU
		{7DBEB078-828E-45F3-99ED-B0120D05A85F}.Release|Any CPU.Build.0 = Release|Any CPU
		{7DBEB078-828E-45F3-99ED-B0120D05A85F}.Release|Mixed Platforms.ActiveCfg = Release|Any CPU
		{7DBEB078-828E-45F3-99ED-B0120D05A85F}.Release|Mixed Platforms.Build.0 = Release|Any CPU
		{7DBEB078-828E-45F3-99ED-B0120D05A85F}.Release|x86.ActiveCfg = Release|x86
		{7DBEB078-828E-45F3-99ED-B0120D05A85F}.Release|x86.Build.0 = Release|x86
		{5B813D81-B093-4B37-A57C-B3E977B21333}.Debug|Any CPU.ActiveCfg = Debug|Any CPU
		{5B813D81-B093-4B37-A57C-B3E977B21333}.Debug|Any CPU.Build.0 = Debug|Any CPU
		{5B813D81-B093-4B37-A57C-B3E977B21333}.Debug|Mixed Platforms.ActiveCfg = Debug|Any CPU
		{5B813D81-B093-4B37-A57C-B3E977B21333}.Debug|Mixed Platforms.Build.0 = Debug|Any CPU
		{5B813D81-B093-4B37-A57C-B3E977B21333}.Debug|x86.ActiveCfg = Debug|Any CPU
		{5B813D81-B093-4B37-A57C-B3E977B21333}.Publish|Any CPU.ActiveCfg = Publish|Any CPU
		{5B813D81-B093-4B37-A57C-B3E977B21333}.Publish|Any CPU.Build.0 = Publish|Any CPU
		{5B813D81-B093-4B37-A57C-B3E977B21333}.Publish|Mixed Platforms.ActiveCfg = Publish|Any CPU
		{5B813D81-B093-4B37-A57C-B3E977B21333}.Publish|Mixed Platforms.Build.0 = Publish|Any CPU
		{5B813D81-B093-4B37-A57C-B3E977B21333}.Publish|x86.ActiveCfg = Publish|Any CPU
		{5B813D81-B093-4B37-A57C-B3E977B21333}.Release|Any CPU.ActiveCfg = Release|Any CPU
		{5B813D81-B093-4B37-A57C-B3E977B21333}.Release|Any CPU.Build.0 = Release|Any CPU
		{5B813D81-B093-4B37-A57C-B3E977B21333}.Release|Mixed Platforms.ActiveCfg = Release|Any CPU
		{5B813D81-B093-4B37-A57C-B3E977B21333}.Release|Mixed Platforms.Build.0 = Release|Any CPU
		{5B813D81-B093-4B37-A57C-B3E977B21333}.Release|x86.ActiveCfg = Release|Any CPU
		{E6304B18-80D8-4A83-B4FB-A2AE45A1D2CF}.Debug|Any CPU.ActiveCfg = Debug|x86
		{E6304B18-80D8-4A83-B4FB-A2AE45A1D2CF}.Debug|Mixed Platforms.ActiveCfg = Debug|x86
		{E6304B18-80D8-4A83-B4FB-A2AE45A1D2CF}.Debug|Mixed Platforms.Build.0 = Debug|x86
		{E6304B18-80D8-4A83-B4FB-A2AE45A1D2CF}.Debug|x86.ActiveCfg = Debug|x86
		{E6304B18-80D8-4A83-B4FB-A2AE45A1D2CF}.Debug|x86.Build.0 = Debug|x86
		{E6304B18-80D8-4A83-B4FB-A2AE45A1D2CF}.Publish|Any CPU.ActiveCfg = Release|x86
		{E6304B18-80D8-4A83-B4FB-A2AE45A1D2CF}.Publish|Mixed Platforms.ActiveCfg = Release|x86
		{E6304B18-80D8-4A83-B4FB-A2AE45A1D2CF}.Publish|Mixed Platforms.Build.0 = Release|x86
		{E6304B18-80D8-4A83-B4FB-A2AE45A1D2CF}.Publish|x86.ActiveCfg = Release|x86
		{E6304B18-80D8-4A83-B4FB-A2AE45A1D2CF}.Publish|x86.Build.0 = Release|x86
		{E6304B18-80D8-4A83-B4FB-A2AE45A1D2CF}.Release|Any CPU.ActiveCfg = Release|x86
		{E6304B18-80D8-4A83-B4FB-A2AE45A1D2CF}.Release|Mixed Platforms.ActiveCfg = Release|x86
		{E6304B18-80D8-4A83-B4FB-A2AE45A1D2CF}.Release|Mixed Platforms.Build.0 = Release|x86
		{E6304B18-80D8-4A83-B4FB-A2AE45A1D2CF}.Release|x86.ActiveCfg = Release|x86
		{E6304B18-80D8-4A83-B4FB-A2AE45A1D2CF}.Release|x86.Build.0 = Release|x86
	EndGlobalSection
	GlobalSection(SolutionProperties) = preSolution
		HideSolutionNode = FALSE
	EndGlobalSection
	GlobalSection(NestedProjects) = preSolution
		{707CAD17-7134-4C17-B18B-D7F66F7F3725} = {11053249-6206-4AFE-B838-3BB949B2BBB5}
		{5B813D81-B093-4B37-A57C-B3E977B21333} = {11053249-6206-4AFE-B838-3BB949B2BBB5}
		{E6304B18-80D8-4A83-B4FB-A2AE45A1D2CF} = {11053249-6206-4AFE-B838-3BB949B2BBB5}
	EndGlobalSection
EndGlobal
